{
  "version": 4,
  "terraform_version": "1.4.6",
  "serial": 189,
  "lineage": "d6b10ad8-7ef8-7ae5-14a6-d40f7769cae8",
  "outputs": {
    "existrg": {
      "value": {
        "rg01": {
          "key": "rg01",
          "name": "ibo-rg"
        },
        "rg03": {
          "key": "rg03",
          "name": "ibo-rg1"
        }
      },
      "type": [
        "object",
        {
          "rg01": [
            "object",
            {
              "key": "string",
              "name": "string"
            }
          ],
          "rg03": [
            "object",
            {
              "key": "string",
              "name": "string"
            }
          ]
        }
      ]
    },
    "newrg": {
      "value": {
        "rg02": {
          "key": "rg02",
          "name": "computeinteger-01"
        }
      },
      "type": [
        "object",
        {
          "rg02": [
            "object",
            {
              "key": "string",
              "name": "string"
            }
          ]
        }
      ]
    },
    "vmdetails": {
      "value": {
        "germanywestcentral": [
          {
            "name": "01tgwcv",
            "resource_group": "ibo-gwc-vnet"
          }
        ],
        "uksouth": [
          {
            "name": "01tuksv",
            "resource_group": "ibo-rg"
          },
          {
            "name": "02tuksv",
            "resource_group": "computeinteger-01"
          },
          {
            "name": "03tuksv",
            "resource_group": "ibo-rg1"
          }
        ]
      },
      "type": [
        "object",
        {
          "germanywestcentral": [
            "tuple",
            [
              [
                "object",
                {
                  "name": "string",
                  "resource_group": "string"
                }
              ]
            ]
          ],
          "uksouth": [
            "tuple",
            [
              [
                "object",
                {
                  "name": "string",
                  "resource_group": "string"
                }
              ],
              [
                "object",
                {
                  "name": "string",
                  "resource_group": "string"
                }
              ],
              [
                "object",
                {
                  "name": "string",
                  "resource_group": "string"
                }
              ]
            ]
          ]
        }
      ]
    }
  },
  "resources": [
    {
      "module": "module.rg[\"germanywestcentral\"]",
      "mode": "data",
      "type": "azurerm_resource_group",
      "name": "rg",
      "provider": "provider[\"registry.terraform.io/hashicorp/azurerm\"]",
      "instances": [
        {
          "index_key": "rg01",
          "schema_version": 0,
          "attributes": {
            "id": "/subscriptions/6e54aa79-9b0b-40ed-ae27-91fdffa0a565/resourceGroups/ibo-gwc-vnet",
            "location": "germanywestcentral",
            "name": "ibo-gwc-vnet",
            "tags": {},
            "timeouts": null
          },
          "sensitive_attributes": []
        }
      ]
    },
    {
      "module": "module.rg[\"uksouth\"]",
      "mode": "data",
      "type": "azurerm_resource_group",
      "name": "rg",
      "provider": "provider[\"registry.terraform.io/hashicorp/azurerm\"]",
      "instances": [
        {
          "index_key": "rg01",
          "schema_version": 0,
          "attributes": {
            "id": "/subscriptions/6e54aa79-9b0b-40ed-ae27-91fdffa0a565/resourceGroups/ibo-rg",
            "location": "uksouth",
            "name": "ibo-rg",
            "tags": {},
            "timeouts": null
          },
          "sensitive_attributes": []
        },
        {
          "index_key": "rg03",
          "schema_version": 0,
          "attributes": {
            "id": "/subscriptions/6e54aa79-9b0b-40ed-ae27-91fdffa0a565/resourceGroups/ibo-rg1",
            "location": "uksouth",
            "name": "ibo-rg1",
            "tags": {},
            "timeouts": null
          },
          "sensitive_attributes": []
        }
      ]
    },
    {
      "module": "module.rg[\"uksouth\"]",
      "mode": "managed",
      "type": "azurerm_resource_group",
      "name": "rg",
      "provider": "provider[\"registry.terraform.io/hashicorp/azurerm\"]",
      "instances": [
        {
          "index_key": "rg02",
          "schema_version": 0,
          "attributes": {
            "id": "/subscriptions/6e54aa79-9b0b-40ed-ae27-91fdffa0a565/resourceGroups/computeinteger-01",
            "location": "uksouth",
            "name": "computeinteger-01",
            "tags": null,
            "timeouts": null
          },
          "sensitive_attributes": [],
          "private": "eyJlMmJmYjczMC1lY2FhLTExZTYtOGY4OC0zNDM2M2JjN2M0YzAiOnsiY3JlYXRlIjo1NDAwMDAwMDAwMDAwLCJkZWxldGUiOjU0MDAwMDAwMDAwMDAsInJlYWQiOjMwMDAwMDAwMDAwMCwidXBkYXRlIjo1NDAwMDAwMDAwMDAwfX0=",
          "create_before_destroy": true
        }
      ]
    },
    {
      "module": "module.vm[\"germanywestcentral\"]",
      "mode": "data",
      "type": "azurerm_subnet",
      "name": "subnet",
      "provider": "provider[\"registry.terraform.io/hashicorp/azurerm\"]",
      "instances": [
        {
          "index_key": "01-t-gwc-nic01",
          "schema_version": 0,
          "attributes": {
            "address_prefix": "10.2.0.0/24",
            "address_prefixes": [
              "10.2.0.0/24"
            ],
            "enforce_private_link_endpoint_network_policies": true,
            "enforce_private_link_service_network_policies": false,
            "id": "/subscriptions/6e54aa79-9b0b-40ed-ae27-91fdffa0a565/resourceGroups/ibo-gwc-vnet/providers/Microsoft.Network/virtualNetworks/ibo-gwc-vnet/subnets/ibo-gwc-subnet",
            "name": "ibo-gwc-subnet",
            "network_security_group_id": "",
            "private_endpoint_network_policies_enabled": false,
            "private_link_service_network_policies_enabled": true,
            "resource_group_name": "ibo-gwc-vnet",
            "route_table_id": "",
            "service_endpoints": [],
            "timeouts": null,
            "virtual_network_name": "ibo-gwc-vnet"
          },
          "sensitive_attributes": []
        }
      ]
    },
    {
      "module": "module.vm[\"germanywestcentral\"]",
      "mode": "managed",
      "type": "azurerm_network_interface",
      "name": "nic",
      "provider": "provider[\"registry.terraform.io/hashicorp/azurerm\"]",
      "instances": [
        {
          "index_key": "01-t-gwc-nic01",
          "schema_version": 0,
          "attributes": {
            "applied_dns_servers": [],
            "dns_servers": [],
            "edge_zone": "",
            "enable_accelerated_networking": false,
            "enable_ip_forwarding": false,
            "id": "/subscriptions/6e54aa79-9b0b-40ed-ae27-91fdffa0a565/resourceGroups/ibo-gwc-vnet/providers/Microsoft.Network/networkInterfaces/01-t-gwc-nic01",
            "internal_dns_name_label": "",
            "internal_domain_name_suffix": "nbes0qviy41ubpqckdkgcgemxg.frax.internal.cloudapp.net",
            "ip_configuration": [
              {
                "gateway_load_balancer_frontend_ip_configuration_id": "",
                "name": "internal",
                "primary": true,
                "private_ip_address": "10.2.0.4",
                "private_ip_address_allocation": "Dynamic",
                "private_ip_address_version": "IPv4",
                "public_ip_address_id": "",
                "subnet_id": "/subscriptions/6e54aa79-9b0b-40ed-ae27-91fdffa0a565/resourceGroups/ibo-gwc-vnet/providers/Microsoft.Network/virtualNetworks/ibo-gwc-vnet/subnets/ibo-gwc-subnet"
              }
            ],
            "location": "germanywestcentral",
            "mac_address": "",
            "name": "01-t-gwc-nic01",
            "private_ip_address": "10.2.0.4",
            "private_ip_addresses": [
              "10.2.0.4"
            ],
            "resource_group_name": "ibo-gwc-vnet",
            "tags": null,
            "timeouts": null,
            "virtual_machine_id": ""
          },
          "sensitive_attributes": [],
          "private": "eyJlMmJmYjczMC1lY2FhLTExZTYtOGY4OC0zNDM2M2JjN2M0YzAiOnsiY3JlYXRlIjoxODAwMDAwMDAwMDAwLCJkZWxldGUiOjE4MDAwMDAwMDAwMDAsInJlYWQiOjMwMDAwMDAwMDAwMCwidXBkYXRlIjoxODAwMDAwMDAwMDAwfX0=",
          "dependencies": [
            "module.rg.azurerm_resource_group.rg",
            "module.rg.data.azurerm_resource_group.rg",
            "module.vm.data.azurerm_subnet.subnet"
          ],
          "create_before_destroy": true
        }
      ]
    },
    {
      "module": "module.vm[\"germanywestcentral\"]",
      "mode": "managed",
      "type": "azurerm_windows_virtual_machine",
      "name": "vm",
      "provider": "provider[\"registry.terraform.io/hashicorp/azurerm\"]",
      "instances": [
        {
          "index_key": "01tgwcv",
          "schema_version": 0,
          "attributes": {
            "additional_capabilities": [],
            "additional_unattend_content": [],
            "admin_password": "Unilever@123",
            "admin_username": "vmadmin",
            "allow_extension_operations": true,
            "availability_set_id": "",
            "boot_diagnostics": [],
            "capacity_reservation_group_id": "",
            "computer_name": "01tgwcv",
            "custom_data": null,
            "dedicated_host_group_id": "",
            "dedicated_host_id": "",
            "edge_zone": "",
            "enable_automatic_updates": true,
            "encryption_at_host_enabled": false,
            "eviction_policy": "",
            "extensions_time_budget": "PT1H30M",
            "gallery_application": [],
            "hotpatching_enabled": false,
            "id": "/subscriptions/6e54aa79-9b0b-40ed-ae27-91fdffa0a565/resourceGroups/ibo-gwc-vnet/providers/Microsoft.Compute/virtualMachines/01tgwcv",
            "identity": [],
            "license_type": "",
            "location": "germanywestcentral",
            "max_bid_price": -1,
            "name": "01tgwcv",
            "network_interface_ids": [
              "/subscriptions/6e54aa79-9b0b-40ed-ae27-91fdffa0a565/resourceGroups/ibo-gwc-vnet/providers/Microsoft.Network/networkInterfaces/01-t-gwc-nic01"
            ],
            "os_disk": [
              {
                "caching": "ReadWrite",
                "diff_disk_settings": [],
                "disk_encryption_set_id": "",
                "disk_size_gb": 127,
                "name": "01tgwcv_OsDisk_1_a8de88c4ef5740408fb6555f08d1eaec",
                "secure_vm_disk_encryption_set_id": "",
                "security_encryption_type": "",
                "storage_account_type": "Standard_LRS",
                "write_accelerator_enabled": false
              }
            ],
            "patch_assessment_mode": "ImageDefault",
            "patch_mode": "AutomaticByOS",
            "plan": [],
            "platform_fault_domain": -1,
            "priority": "Regular",
            "private_ip_address": "10.2.0.4",
            "private_ip_addresses": [
              "10.2.0.4"
            ],
            "provision_vm_agent": true,
            "proximity_placement_group_id": "",
            "public_ip_address": "",
            "public_ip_addresses": [],
            "resource_group_name": "ibo-gwc-vnet",
            "secret": [],
            "secure_boot_enabled": false,
            "size": "Standard_B1s",
            "source_image_id": "",
            "source_image_reference": [
              {
                "offer": "windowsserver",
                "publisher": "MicrosoftWindowsServer",
                "sku": "2016-Datacenter-gensecond",
                "version": "14393.6085.230705"
              }
            ],
            "tags": null,
            "termination_notification": null,
            "timeouts": null,
            "timezone": "",
            "user_data": "",
            "virtual_machine_id": "bdff5cbb-89c2-45a8-a79d-d052a9dc4bc2",
            "virtual_machine_scale_set_id": "",
            "vtpm_enabled": false,
            "winrm_listener": [],
            "zone": ""
          },
          "sensitive_attributes": [],
          "private": "eyJlMmJmYjczMC1lY2FhLTExZTYtOGY4OC0zNDM2M2JjN2M0YzAiOnsiY3JlYXRlIjoyNzAwMDAwMDAwMDAwLCJkZWxldGUiOjI3MDAwMDAwMDAwMDAsInJlYWQiOjMwMDAwMDAwMDAwMCwidXBkYXRlIjoyNzAwMDAwMDAwMDAwfX0=",
          "dependencies": [
            "module.rg.azurerm_resource_group.rg",
            "module.rg.data.azurerm_resource_group.rg",
            "module.vm.azurerm_network_interface.nic",
            "module.vm.data.azurerm_subnet.subnet"
          ]
        }
      ]
    },
    {
      "module": "module.vm[\"uksouth\"]",
      "mode": "data",
      "type": "azurerm_subnet",
      "name": "subnet",
      "provider": "provider[\"registry.terraform.io/hashicorp/azurerm\"]",
      "instances": [
        {
          "index_key": "01-t-uks-nic01",
          "schema_version": 0,
          "attributes": {
            "address_prefix": "10.0.0.0/24",
            "address_prefixes": [
              "10.0.0.0/24"
            ],
            "enforce_private_link_endpoint_network_policies": true,
            "enforce_private_link_service_network_policies": false,
            "id": "/subscriptions/6e54aa79-9b0b-40ed-ae27-91fdffa0a565/resourceGroups/ibo-rg/providers/Microsoft.Network/virtualNetworks/ibo-01-vnet/subnets/ibo-01-subnet",
            "name": "ibo-01-subnet",
            "network_security_group_id": "",
            "private_endpoint_network_policies_enabled": false,
            "private_link_service_network_policies_enabled": true,
            "resource_group_name": "ibo-rg",
            "route_table_id": "",
            "service_endpoints": [],
            "timeouts": null,
            "virtual_network_name": "ibo-01-vnet"
          },
          "sensitive_attributes": []
        },
        {
          "index_key": "02-t-uks-nic01",
          "schema_version": 0,
          "attributes": {
            "address_prefix": "10.0.0.0/24",
            "address_prefixes": [
              "10.0.0.0/24"
            ],
            "enforce_private_link_endpoint_network_policies": true,
            "enforce_private_link_service_network_policies": false,
            "id": "/subscriptions/6e54aa79-9b0b-40ed-ae27-91fdffa0a565/resourceGroups/ibo-rg/providers/Microsoft.Network/virtualNetworks/ibo-01-vnet/subnets/ibo-01-subnet",
            "name": "ibo-01-subnet",
            "network_security_group_id": "",
            "private_endpoint_network_policies_enabled": false,
            "private_link_service_network_policies_enabled": true,
            "resource_group_name": "ibo-rg",
            "route_table_id": "",
            "service_endpoints": [],
            "timeouts": null,
            "virtual_network_name": "ibo-01-vnet"
          },
          "sensitive_attributes": []
        },
        {
          "index_key": "03-t-uks-nic01",
          "schema_version": 0,
          "attributes": {
            "address_prefix": "10.0.0.0/24",
            "address_prefixes": [
              "10.0.0.0/24"
            ],
            "enforce_private_link_endpoint_network_policies": true,
            "enforce_private_link_service_network_policies": false,
            "id": "/subscriptions/6e54aa79-9b0b-40ed-ae27-91fdffa0a565/resourceGroups/ibo-rg/providers/Microsoft.Network/virtualNetworks/ibo-01-vnet/subnets/ibo-01-subnet",
            "name": "ibo-01-subnet",
            "network_security_group_id": "",
            "private_endpoint_network_policies_enabled": false,
            "private_link_service_network_policies_enabled": true,
            "resource_group_name": "ibo-rg",
            "route_table_id": "",
            "service_endpoints": [],
            "timeouts": null,
            "virtual_network_name": "ibo-01-vnet"
          },
          "sensitive_attributes": []
        }
      ]
    },
    {
      "module": "module.vm[\"uksouth\"]",
      "mode": "managed",
      "type": "azurerm_network_interface",
      "name": "nic",
      "provider": "provider[\"registry.terraform.io/hashicorp/azurerm\"]",
      "instances": [
        {
          "index_key": "01-t-uks-nic01",
          "schema_version": 0,
          "attributes": {
            "applied_dns_servers": [],
            "dns_servers": [],
            "edge_zone": "",
            "enable_accelerated_networking": false,
            "enable_ip_forwarding": false,
            "id": "/subscriptions/6e54aa79-9b0b-40ed-ae27-91fdffa0a565/resourceGroups/ibo-rg/providers/Microsoft.Network/networkInterfaces/01-t-uks-nic01",
            "internal_dns_name_label": "",
            "internal_domain_name_suffix": "fndhcuzc1znernlwadscp0pvre.zx.internal.cloudapp.net",
            "ip_configuration": [
              {
                "gateway_load_balancer_frontend_ip_configuration_id": "",
                "name": "internal",
                "primary": true,
                "private_ip_address": "10.0.0.4",
                "private_ip_address_allocation": "Dynamic",
                "private_ip_address_version": "IPv4",
                "public_ip_address_id": "",
                "subnet_id": "/subscriptions/6e54aa79-9b0b-40ed-ae27-91fdffa0a565/resourceGroups/ibo-rg/providers/Microsoft.Network/virtualNetworks/ibo-01-vnet/subnets/ibo-01-subnet"
              }
            ],
            "location": "uksouth",
            "mac_address": "",
            "name": "01-t-uks-nic01",
            "private_ip_address": "10.0.0.4",
            "private_ip_addresses": [
              "10.0.0.4"
            ],
            "resource_group_name": "ibo-rg",
            "tags": null,
            "timeouts": null,
            "virtual_machine_id": ""
          },
          "sensitive_attributes": [],
          "private": "eyJlMmJmYjczMC1lY2FhLTExZTYtOGY4OC0zNDM2M2JjN2M0YzAiOnsiY3JlYXRlIjoxODAwMDAwMDAwMDAwLCJkZWxldGUiOjE4MDAwMDAwMDAwMDAsInJlYWQiOjMwMDAwMDAwMDAwMCwidXBkYXRlIjoxODAwMDAwMDAwMDAwfX0=",
          "dependencies": [
            "module.rg.azurerm_resource_group.rg",
            "module.rg.data.azurerm_resource_group.rg",
            "module.vm.data.azurerm_subnet.subnet"
          ],
          "create_before_destroy": true
        },
        {
          "index_key": "02-t-uks-nic01",
          "schema_version": 0,
          "attributes": {
            "applied_dns_servers": [],
            "dns_servers": [],
            "edge_zone": "",
            "enable_accelerated_networking": false,
            "enable_ip_forwarding": false,
            "id": "/subscriptions/6e54aa79-9b0b-40ed-ae27-91fdffa0a565/resourceGroups/computeinteger-01/providers/Microsoft.Network/networkInterfaces/02-t-uks-nic01",
            "internal_dns_name_label": "",
            "internal_domain_name_suffix": "fndhcuzc1znernlwadscp0pvre.zx.internal.cloudapp.net",
            "ip_configuration": [
              {
                "gateway_load_balancer_frontend_ip_configuration_id": "",
                "name": "internal",
                "primary": true,
                "private_ip_address": "10.0.0.5",
                "private_ip_address_allocation": "Dynamic",
                "private_ip_address_version": "IPv4",
                "public_ip_address_id": "",
                "subnet_id": "/subscriptions/6e54aa79-9b0b-40ed-ae27-91fdffa0a565/resourceGroups/ibo-rg/providers/Microsoft.Network/virtualNetworks/ibo-01-vnet/subnets/ibo-01-subnet"
              }
            ],
            "location": "uksouth",
            "mac_address": "",
            "name": "02-t-uks-nic01",
            "private_ip_address": "10.0.0.5",
            "private_ip_addresses": [
              "10.0.0.5"
            ],
            "resource_group_name": "computeinteger-01",
            "tags": null,
            "timeouts": null,
            "virtual_machine_id": ""
          },
          "sensitive_attributes": [],
          "private": "eyJlMmJmYjczMC1lY2FhLTExZTYtOGY4OC0zNDM2M2JjN2M0YzAiOnsiY3JlYXRlIjoxODAwMDAwMDAwMDAwLCJkZWxldGUiOjE4MDAwMDAwMDAwMDAsInJlYWQiOjMwMDAwMDAwMDAwMCwidXBkYXRlIjoxODAwMDAwMDAwMDAwfX0=",
          "dependencies": [
            "module.rg.azurerm_resource_group.rg",
            "module.rg.data.azurerm_resource_group.rg",
            "module.vm.data.azurerm_subnet.subnet"
          ],
          "create_before_destroy": true
        },
        {
          "index_key": "03-t-uks-nic01",
          "schema_version": 0,
          "attributes": {
            "applied_dns_servers": [],
            "dns_servers": [],
            "edge_zone": "",
            "enable_accelerated_networking": false,
            "enable_ip_forwarding": false,
            "id": "/subscriptions/6e54aa79-9b0b-40ed-ae27-91fdffa0a565/resourceGroups/ibo-rg1/providers/Microsoft.Network/networkInterfaces/03-t-uks-nic01",
            "internal_dns_name_label": "",
            "internal_domain_name_suffix": "fndhcuzc1znernlwadscp0pvre.zx.internal.cloudapp.net",
            "ip_configuration": [
              {
                "gateway_load_balancer_frontend_ip_configuration_id": "",
                "name": "internal",
                "primary": true,
                "private_ip_address": "10.0.0.6",
                "private_ip_address_allocation": "Dynamic",
                "private_ip_address_version": "IPv4",
                "public_ip_address_id": "",
                "subnet_id": "/subscriptions/6e54aa79-9b0b-40ed-ae27-91fdffa0a565/resourceGroups/ibo-rg/providers/Microsoft.Network/virtualNetworks/ibo-01-vnet/subnets/ibo-01-subnet"
              }
            ],
            "location": "uksouth",
            "mac_address": "",
            "name": "03-t-uks-nic01",
            "private_ip_address": "10.0.0.6",
            "private_ip_addresses": [
              "10.0.0.6"
            ],
            "resource_group_name": "ibo-rg1",
            "tags": null,
            "timeouts": null,
            "virtual_machine_id": ""
          },
          "sensitive_attributes": [],
          "private": "eyJlMmJmYjczMC1lY2FhLTExZTYtOGY4OC0zNDM2M2JjN2M0YzAiOnsiY3JlYXRlIjoxODAwMDAwMDAwMDAwLCJkZWxldGUiOjE4MDAwMDAwMDAwMDAsInJlYWQiOjMwMDAwMDAwMDAwMCwidXBkYXRlIjoxODAwMDAwMDAwMDAwfX0=",
          "dependencies": [
            "module.rg.azurerm_resource_group.rg",
            "module.rg.data.azurerm_resource_group.rg",
            "module.vm.data.azurerm_subnet.subnet"
          ],
          "create_before_destroy": true
        }
      ]
    },
    {
      "module": "module.vm[\"uksouth\"]",
      "mode": "managed",
      "type": "azurerm_windows_virtual_machine",
      "name": "vm",
      "provider": "provider[\"registry.terraform.io/hashicorp/azurerm\"]",
      "instances": [
        {
          "index_key": "01tuksv",
          "schema_version": 0,
          "attributes": {
            "additional_capabilities": [],
            "additional_unattend_content": [],
            "admin_password": "Unilever@123",
            "admin_username": "vmadmin",
            "allow_extension_operations": true,
            "availability_set_id": "",
            "boot_diagnostics": [],
            "capacity_reservation_group_id": "",
            "computer_name": "01tuksv",
            "custom_data": null,
            "dedicated_host_group_id": "",
            "dedicated_host_id": "",
            "edge_zone": "",
            "enable_automatic_updates": true,
            "encryption_at_host_enabled": false,
            "eviction_policy": "",
            "extensions_time_budget": "PT1H30M",
            "gallery_application": [],
            "hotpatching_enabled": false,
            "id": "/subscriptions/6e54aa79-9b0b-40ed-ae27-91fdffa0a565/resourceGroups/ibo-rg/providers/Microsoft.Compute/virtualMachines/01tuksv",
            "identity": [],
            "license_type": "",
            "location": "uksouth",
            "max_bid_price": -1,
            "name": "01tuksv",
            "network_interface_ids": [
              "/subscriptions/6e54aa79-9b0b-40ed-ae27-91fdffa0a565/resourceGroups/ibo-rg/providers/Microsoft.Network/networkInterfaces/01-t-uks-nic01"
            ],
            "os_disk": [
              {
                "caching": "ReadWrite",
                "diff_disk_settings": [],
                "disk_encryption_set_id": "",
                "disk_size_gb": 127,
                "name": "01tuksv_OsDisk_1_3b666720eb6047e187c3e8a4bb38f6b4",
                "secure_vm_disk_encryption_set_id": "",
                "security_encryption_type": "",
                "storage_account_type": "Standard_LRS",
                "write_accelerator_enabled": false
              }
            ],
            "patch_assessment_mode": "ImageDefault",
            "patch_mode": "AutomaticByOS",
            "plan": [],
            "platform_fault_domain": -1,
            "priority": "Regular",
            "private_ip_address": "10.0.0.4",
            "private_ip_addresses": [
              "10.0.0.4"
            ],
            "provision_vm_agent": true,
            "proximity_placement_group_id": "",
            "public_ip_address": "",
            "public_ip_addresses": [],
            "resource_group_name": "ibo-rg",
            "secret": [],
            "secure_boot_enabled": false,
            "size": "Standard_B1s",
            "source_image_id": "",
            "source_image_reference": [
              {
                "offer": "windowsserver",
                "publisher": "MicrosoftWindowsServer",
                "sku": "2016-Datacenter-gensecond",
                "version": "14393.6085.230705"
              }
            ],
            "tags": null,
            "termination_notification": null,
            "timeouts": null,
            "timezone": "",
            "user_data": "",
            "virtual_machine_id": "c014132c-31e7-4306-a8f7-35acfef4af30",
            "virtual_machine_scale_set_id": "",
            "vtpm_enabled": false,
            "winrm_listener": [],
            "zone": ""
          },
          "sensitive_attributes": [],
          "private": "eyJlMmJmYjczMC1lY2FhLTExZTYtOGY4OC0zNDM2M2JjN2M0YzAiOnsiY3JlYXRlIjoyNzAwMDAwMDAwMDAwLCJkZWxldGUiOjI3MDAwMDAwMDAwMDAsInJlYWQiOjMwMDAwMDAwMDAwMCwidXBkYXRlIjoyNzAwMDAwMDAwMDAwfX0=",
          "dependencies": [
            "module.rg.azurerm_resource_group.rg",
            "module.rg.data.azurerm_resource_group.rg",
            "module.vm.azurerm_network_interface.nic",
            "module.vm.data.azurerm_subnet.subnet"
          ]
        },
        {
          "index_key": "02tuksv",
          "schema_version": 0,
          "attributes": {
            "additional_capabilities": [],
            "additional_unattend_content": [],
            "admin_password": "Unilever@123",
            "admin_username": "vmadmin",
            "allow_extension_operations": true,
            "availability_set_id": "",
            "boot_diagnostics": [],
            "capacity_reservation_group_id": "",
            "computer_name": "02tuksv",
            "custom_data": null,
            "dedicated_host_group_id": "",
            "dedicated_host_id": "",
            "edge_zone": "",
            "enable_automatic_updates": true,
            "encryption_at_host_enabled": false,
            "eviction_policy": "",
            "extensions_time_budget": "PT1H30M",
            "gallery_application": [],
            "hotpatching_enabled": false,
            "id": "/subscriptions/6e54aa79-9b0b-40ed-ae27-91fdffa0a565/resourceGroups/computeinteger-01/providers/Microsoft.Compute/virtualMachines/02tuksv",
            "identity": [],
            "license_type": "",
            "location": "uksouth",
            "max_bid_price": -1,
            "name": "02tuksv",
            "network_interface_ids": [
              "/subscriptions/6e54aa79-9b0b-40ed-ae27-91fdffa0a565/resourceGroups/computeinteger-01/providers/Microsoft.Network/networkInterfaces/02-t-uks-nic01"
            ],
            "os_disk": [
              {
                "caching": "ReadWrite",
                "diff_disk_settings": [],
                "disk_encryption_set_id": "",
                "disk_size_gb": 127,
                "name": "02tuksv_OsDisk_1_cdb58bf7f1eb4b38a5de30cd283e27d7",
                "secure_vm_disk_encryption_set_id": "",
                "security_encryption_type": "",
                "storage_account_type": "Standard_LRS",
                "write_accelerator_enabled": false
              }
            ],
            "patch_assessment_mode": "ImageDefault",
            "patch_mode": "AutomaticByOS",
            "plan": [],
            "platform_fault_domain": -1,
            "priority": "Regular",
            "private_ip_address": "10.0.0.5",
            "private_ip_addresses": [
              "10.0.0.5"
            ],
            "provision_vm_agent": true,
            "proximity_placement_group_id": "",
            "public_ip_address": "",
            "public_ip_addresses": [],
            "resource_group_name": "computeinteger-01",
            "secret": [],
            "secure_boot_enabled": false,
            "size": "Standard_B1s",
            "source_image_id": "",
            "source_image_reference": [
              {
                "offer": "windowsserver",
                "publisher": "MicrosoftWindowsServer",
                "sku": "2016-Datacenter-gensecond",
                "version": "14393.6085.230705"
              }
            ],
            "tags": null,
            "termination_notification": null,
            "timeouts": null,
            "timezone": "",
            "user_data": "",
            "virtual_machine_id": "4179a0ef-d385-4651-b8bb-f260b034673c",
            "virtual_machine_scale_set_id": "",
            "vtpm_enabled": false,
            "winrm_listener": [],
            "zone": ""
          },
          "sensitive_attributes": [],
          "private": "eyJlMmJmYjczMC1lY2FhLTExZTYtOGY4OC0zNDM2M2JjN2M0YzAiOnsiY3JlYXRlIjoyNzAwMDAwMDAwMDAwLCJkZWxldGUiOjI3MDAwMDAwMDAwMDAsInJlYWQiOjMwMDAwMDAwMDAwMCwidXBkYXRlIjoyNzAwMDAwMDAwMDAwfX0=",
          "dependencies": [
            "module.rg.azurerm_resource_group.rg",
            "module.rg.data.azurerm_resource_group.rg",
            "module.vm.azurerm_network_interface.nic",
            "module.vm.data.azurerm_subnet.subnet"
          ]
        },
        {
          "index_key": "03tuksv",
          "schema_version": 0,
          "attributes": {
            "additional_capabilities": [],
            "additional_unattend_content": [],
            "admin_password": "Unilever@123",
            "admin_username": "vmadmin",
            "allow_extension_operations": true,
            "availability_set_id": "",
            "boot_diagnostics": [],
            "capacity_reservation_group_id": "",
            "computer_name": "03tuksv",
            "custom_data": null,
            "dedicated_host_group_id": "",
            "dedicated_host_id": "",
            "edge_zone": "",
            "enable_automatic_updates": true,
            "encryption_at_host_enabled": false,
            "eviction_policy": "",
            "extensions_time_budget": "PT1H30M",
            "gallery_application": [],
            "hotpatching_enabled": false,
            "id": "/subscriptions/6e54aa79-9b0b-40ed-ae27-91fdffa0a565/resourceGroups/ibo-rg1/providers/Microsoft.Compute/virtualMachines/03tuksv",
            "identity": [],
            "license_type": "",
            "location": "uksouth",
            "max_bid_price": -1,
            "name": "03tuksv",
            "network_interface_ids": [
              "/subscriptions/6e54aa79-9b0b-40ed-ae27-91fdffa0a565/resourceGroups/ibo-rg1/providers/Microsoft.Network/networkInterfaces/03-t-uks-nic01"
            ],
            "os_disk": [
              {
                "caching": "ReadWrite",
                "diff_disk_settings": [],
                "disk_encryption_set_id": "",
                "disk_size_gb": 127,
                "name": "03tuksv_OsDisk_1_6059364b56ec4be885d9a228c7508f81",
                "secure_vm_disk_encryption_set_id": "",
                "security_encryption_type": "",
                "storage_account_type": "Standard_LRS",
                "write_accelerator_enabled": false
              }
            ],
            "patch_assessment_mode": "ImageDefault",
            "patch_mode": "AutomaticByOS",
            "plan": [],
            "platform_fault_domain": -1,
            "priority": "Regular",
            "private_ip_address": "10.0.0.6",
            "private_ip_addresses": [
              "10.0.0.6"
            ],
            "provision_vm_agent": true,
            "proximity_placement_group_id": "",
            "public_ip_address": "",
            "public_ip_addresses": [],
            "resource_group_name": "ibo-rg1",
            "secret": [],
            "secure_boot_enabled": false,
            "size": "Standard_B1s",
            "source_image_id": "",
            "source_image_reference": [
              {
                "offer": "windowsserver",
                "publisher": "MicrosoftWindowsServer",
                "sku": "2016-Datacenter-gensecond",
                "version": "14393.6085.230705"
              }
            ],
            "tags": null,
            "termination_notification": null,
            "timeouts": null,
            "timezone": "",
            "user_data": "",
            "virtual_machine_id": "5666adec-a058-4428-8acf-ba2f61f75204",
            "virtual_machine_scale_set_id": "",
            "vtpm_enabled": false,
            "winrm_listener": [],
            "zone": ""
          },
          "sensitive_attributes": [],
          "private": "eyJlMmJmYjczMC1lY2FhLTExZTYtOGY4OC0zNDM2M2JjN2M0YzAiOnsiY3JlYXRlIjoyNzAwMDAwMDAwMDAwLCJkZWxldGUiOjI3MDAwMDAwMDAwMDAsInJlYWQiOjMwMDAwMDAwMDAwMCwidXBkYXRlIjoyNzAwMDAwMDAwMDAwfX0=",
          "dependencies": [
            "module.rg.azurerm_resource_group.rg",
            "module.rg.data.azurerm_resource_group.rg",
            "module.vm.azurerm_network_interface.nic",
            "module.vm.data.azurerm_subnet.subnet"
          ]
        }
      ]
    }
  ],
  "check_results": null
}
