{
  "version": 4,
  "terraform_version": "1.4.6",
  "serial": 359,
  "lineage": "d85868d3-7162-893e-3c41-293d96c74cce",
  "outputs": {
    "newrgid": {
      "value": [
        {
          "id": "/subscriptions/6e54aa79-9b0b-40ed-ae27-91fdffa0a565/resourceGroups/computeint-01",
          "key": "rg01",
          "name": "computeint-01"
        },
        {
          "id": "/subscriptions/6e54aa79-9b0b-40ed-ae27-91fdffa0a565/resourceGroups/computeinteger-01",
          "key": "rg02",
          "name": "computeinteger-01"
        },
        {
          "id": "/subscriptions/6e54aa79-9b0b-40ed-ae27-91fdffa0a565/resourceGroups/computeext-01",
          "key": "rg03",
          "name": "computeext-01"
        }
      ],
      "type": [
        "tuple",
        [
          [
            "object",
            {
              "id": "string",
              "key": "string",
              "name": "string"
            }
          ],
          [
            "object",
            {
              "id": "string",
              "key": "string",
              "name": "string"
            }
          ],
          [
            "object",
            {
              "id": "string",
              "key": "string",
              "name": "string"
            }
          ]
        ]
      ]
    },
    "rg4": {
      "value": {
        "rg01": {
          "id": "/subscriptions/6e54aa79-9b0b-40ed-ae27-91fdffa0a565/resourceGroups/computeint-01",
          "key": "rg01",
          "name": "computeint-01"
        },
        "rg02": {
          "id": "/subscriptions/6e54aa79-9b0b-40ed-ae27-91fdffa0a565/resourceGroups/computeinteger-01",
          "key": "rg02",
          "name": "computeinteger-01"
        },
        "rg03": {
          "id": "/subscriptions/6e54aa79-9b0b-40ed-ae27-91fdffa0a565/resourceGroups/computeext-01",
          "key": "rg03",
          "name": "computeext-01"
        }
      },
      "type": [
        "object",
        {
          "rg01": [
            "object",
            {
              "id": "string",
              "key": "string",
              "name": "string"
            }
          ],
          "rg02": [
            "object",
            {
              "id": "string",
              "key": "string",
              "name": "string"
            }
          ],
          "rg03": [
            "object",
            {
              "id": "string",
              "key": "string",
              "name": "string"
            }
          ]
        }
      ]
    },
    "rgid2": {
      "value": [
        "/subscriptions/6e54aa79-9b0b-40ed-ae27-91fdffa0a565/resourceGroups/computeint-01",
        "/subscriptions/6e54aa79-9b0b-40ed-ae27-91fdffa0a565/resourceGroups/computeinteger-01",
        "/subscriptions/6e54aa79-9b0b-40ed-ae27-91fdffa0a565/resourceGroups/computeext-01"
      ],
      "type": [
        "tuple",
        [
          "string",
          "string",
          "string"
        ]
      ]
    },
    "rgid3": {
      "value": [
        [
          "/subscriptions/6e54aa79-9b0b-40ed-ae27-91fdffa0a565/resourceGroups/computeint-01",
          "/subscriptions/6e54aa79-9b0b-40ed-ae27-91fdffa0a565/resourceGroups/computeinteger-01",
          "/subscriptions/6e54aa79-9b0b-40ed-ae27-91fdffa0a565/resourceGroups/computeext-01"
        ]
      ],
      "type": [
        "tuple",
        [
          [
            "tuple",
            [
              "string",
              "string",
              "string"
            ]
          ]
        ]
      ]
    }
  },
  "resources": [
    {
      "module": "module.rg[\"uksouth\"]",
      "mode": "managed",
      "type": "azurerm_resource_group",
      "name": "rg",
      "provider": "provider[\"registry.terraform.io/hashicorp/azurerm\"]",
      "instances": [
        {
          "index_key": "rg01",
          "schema_version": 0,
          "attributes": {
            "id": "/subscriptions/6e54aa79-9b0b-40ed-ae27-91fdffa0a565/resourceGroups/computeint-01",
            "location": "uksouth",
            "name": "computeint-01",
            "tags": {},
            "timeouts": null
          },
          "sensitive_attributes": [],
          "private": "eyJlMmJmYjczMC1lY2FhLTExZTYtOGY4OC0zNDM2M2JjN2M0YzAiOnsiY3JlYXRlIjo1NDAwMDAwMDAwMDAwLCJkZWxldGUiOjU0MDAwMDAwMDAwMDAsInJlYWQiOjMwMDAwMDAwMDAwMCwidXBkYXRlIjo1NDAwMDAwMDAwMDAwfX0=",
          "create_before_destroy": true
        },
        {
          "index_key": "rg02",
          "schema_version": 0,
          "attributes": {
            "id": "/subscriptions/6e54aa79-9b0b-40ed-ae27-91fdffa0a565/resourceGroups/computeinteger-01",
            "location": "uksouth",
            "name": "computeinteger-01",
            "tags": {},
            "timeouts": null
          },
          "sensitive_attributes": [],
          "private": "eyJlMmJmYjczMC1lY2FhLTExZTYtOGY4OC0zNDM2M2JjN2M0YzAiOnsiY3JlYXRlIjo1NDAwMDAwMDAwMDAwLCJkZWxldGUiOjU0MDAwMDAwMDAwMDAsInJlYWQiOjMwMDAwMDAwMDAwMCwidXBkYXRlIjo1NDAwMDAwMDAwMDAwfX0=",
          "create_before_destroy": true
        },
        {
          "index_key": "rg03",
          "schema_version": 0,
          "attributes": {
            "id": "/subscriptions/6e54aa79-9b0b-40ed-ae27-91fdffa0a565/resourceGroups/computeext-01",
            "location": "uksouth",
            "name": "computeext-01",
            "tags": null,
            "timeouts": null
          },
          "sensitive_attributes": [],
          "private": "eyJlMmJmYjczMC1lY2FhLTExZTYtOGY4OC0zNDM2M2JjN2M0YzAiOnsiY3JlYXRlIjo1NDAwMDAwMDAwMDAwLCJkZWxldGUiOjU0MDAwMDAwMDAwMDAsInJlYWQiOjMwMDAwMDAwMDAwMCwidXBkYXRlIjo1NDAwMDAwMDAwMDAwfX0=",
          "create_before_destroy": true
        }
      ]
    },
    {
      "module": "module.vm[\"uksouth\"]",
      "mode": "data",
      "type": "azurerm_resource_group",
      "name": "rg",
      "provider": "provider[\"registry.terraform.io/hashicorp/azurerm\"]",
      "instances": []
    },
    {
      "module": "module.vm[\"uksouth\"]",
      "mode": "data",
      "type": "azurerm_subnet",
      "name": "subnet",
      "provider": "provider[\"registry.terraform.io/hashicorp/azurerm\"]",
      "instances": [
        {
          "index_key": "01-t-uks-nic01",
          "schema_version": 0,
          "attributes": {
            "address_prefix": "10.0.0.0/24",
            "address_prefixes": [
              "10.0.0.0/24"
            ],
            "enforce_private_link_endpoint_network_policies": true,
            "enforce_private_link_service_network_policies": false,
            "id": "/subscriptions/6e54aa79-9b0b-40ed-ae27-91fdffa0a565/resourceGroups/ibo-rg/providers/Microsoft.Network/virtualNetworks/ibo-01-vnet/subnets/ibo-01-subnet",
            "name": "ibo-01-subnet",
            "network_security_group_id": "",
            "private_endpoint_network_policies_enabled": false,
            "private_link_service_network_policies_enabled": true,
            "resource_group_name": "ibo-rg",
            "route_table_id": "",
            "service_endpoints": [],
            "timeouts": null,
            "virtual_network_name": "ibo-01-vnet"
          },
          "sensitive_attributes": []
        },
        {
          "index_key": "02-t-uks-nic01",
          "schema_version": 0,
          "attributes": {
            "address_prefix": "10.0.0.0/24",
            "address_prefixes": [
              "10.0.0.0/24"
            ],
            "enforce_private_link_endpoint_network_policies": true,
            "enforce_private_link_service_network_policies": false,
            "id": "/subscriptions/6e54aa79-9b0b-40ed-ae27-91fdffa0a565/resourceGroups/ibo-rg/providers/Microsoft.Network/virtualNetworks/ibo-01-vnet/subnets/ibo-01-subnet",
            "name": "ibo-01-subnet",
            "network_security_group_id": "",
            "private_endpoint_network_policies_enabled": false,
            "private_link_service_network_policies_enabled": true,
            "resource_group_name": "ibo-rg",
            "route_table_id": "",
            "service_endpoints": [],
            "timeouts": null,
            "virtual_network_name": "ibo-01-vnet"
          },
          "sensitive_attributes": []
        },
        {
          "index_key": "03-t-uks-nic01",
          "schema_version": 0,
          "attributes": {
            "address_prefix": "10.0.0.0/24",
            "address_prefixes": [
              "10.0.0.0/24"
            ],
            "enforce_private_link_endpoint_network_policies": true,
            "enforce_private_link_service_network_policies": false,
            "id": "/subscriptions/6e54aa79-9b0b-40ed-ae27-91fdffa0a565/resourceGroups/ibo-rg/providers/Microsoft.Network/virtualNetworks/ibo-01-vnet/subnets/ibo-01-subnet",
            "name": "ibo-01-subnet",
            "network_security_group_id": "",
            "private_endpoint_network_policies_enabled": false,
            "private_link_service_network_policies_enabled": true,
            "resource_group_name": "ibo-rg",
            "route_table_id": "",
            "service_endpoints": [],
            "timeouts": null,
            "virtual_network_name": "ibo-01-vnet"
          },
          "sensitive_attributes": []
        }
      ]
    },
    {
      "module": "module.vm[\"uksouth\"]",
      "mode": "managed",
      "type": "azapi_update_resource",
      "name": "nic_to_static",
      "provider": "provider[\"registry.terraform.io/azure/azapi\"]",
      "instances": [
        {
          "index_key": "01-t-uks-nic01",
          "schema_version": 0,
          "attributes": {
            "body": "{\"location\":\"uksouth\",\"properties\":{\"ipConfigurations\":[{\"name\":\"internal\",\"properties\":{\"privateIPAddress\":\"10.0.0.5\",\"privateIPAllocationMethod\":\"Static\",\"subnet\":{\"id\":\"/subscriptions/6e54aa79-9b0b-40ed-ae27-91fdffa0a565/resourceGroups/ibo-rg/providers/Microsoft.Network/virtualNetworks/ibo-01-vnet/subnets/ibo-01-subnet\"}}}]}}",
            "id": "/subscriptions/6e54aa79-9b0b-40ed-ae27-91fdffa0a565/resourceGroups/computeint-01/providers/Microsoft.Network/networkInterfaces/01-t-uks-nic01",
            "ignore_casing": false,
            "ignore_missing_property": true,
            "locks": null,
            "name": "01-t-uks-nic01",
            "output": "{}",
            "parent_id": "/subscriptions/6e54aa79-9b0b-40ed-ae27-91fdffa0a565/resourceGroups/computeint-01",
            "resource_id": "/subscriptions/6e54aa79-9b0b-40ed-ae27-91fdffa0a565/resourceGroups/computeint-01/providers/Microsoft.Network/networkInterfaces/01-t-uks-nic01",
            "response_export_values": null,
            "timeouts": null,
            "type": "Microsoft.Network/networkInterfaces@2021-08-01"
          },
          "sensitive_attributes": [],
          "private": "eyJlMmJmYjczMC1lY2FhLTExZTYtOGY4OC0zNDM2M2JjN2M0YzAiOnsiY3JlYXRlIjoxODAwMDAwMDAwMDAwLCJkZWxldGUiOjE4MDAwMDAwMDAwMDAsInJlYWQiOjMwMDAwMDAwMDAwMCwidXBkYXRlIjoxODAwMDAwMDAwMDAwfX0=",
          "dependencies": [
            "module.rg.azurerm_resource_group.rg",
            "module.vm.azurerm_network_interface.nic",
            "module.vm.data.azurerm_resource_group.rg",
            "module.vm.data.azurerm_subnet.subnet"
          ]
        },
        {
          "index_key": "02-t-uks-nic01",
          "schema_version": 0,
          "attributes": {
            "body": "{\"location\":\"uksouth\",\"properties\":{\"ipConfigurations\":[{\"name\":\"internal\",\"properties\":{\"privateIPAddress\":\"10.0.0.4\",\"privateIPAllocationMethod\":\"Static\",\"subnet\":{\"id\":\"/subscriptions/6e54aa79-9b0b-40ed-ae27-91fdffa0a565/resourceGroups/ibo-rg/providers/Microsoft.Network/virtualNetworks/ibo-01-vnet/subnets/ibo-01-subnet\"}}}]}}",
            "id": "/subscriptions/6e54aa79-9b0b-40ed-ae27-91fdffa0a565/resourceGroups/computeinteger-01/providers/Microsoft.Network/networkInterfaces/02-t-uks-nic01",
            "ignore_casing": false,
            "ignore_missing_property": true,
            "locks": null,
            "name": "02-t-uks-nic01",
            "output": "{}",
            "parent_id": "/subscriptions/6e54aa79-9b0b-40ed-ae27-91fdffa0a565/resourceGroups/computeinteger-01",
            "resource_id": "/subscriptions/6e54aa79-9b0b-40ed-ae27-91fdffa0a565/resourceGroups/computeinteger-01/providers/Microsoft.Network/networkInterfaces/02-t-uks-nic01",
            "response_export_values": null,
            "timeouts": null,
            "type": "Microsoft.Network/networkInterfaces@2021-08-01"
          },
          "sensitive_attributes": [],
          "private": "eyJlMmJmYjczMC1lY2FhLTExZTYtOGY4OC0zNDM2M2JjN2M0YzAiOnsiY3JlYXRlIjoxODAwMDAwMDAwMDAwLCJkZWxldGUiOjE4MDAwMDAwMDAwMDAsInJlYWQiOjMwMDAwMDAwMDAwMCwidXBkYXRlIjoxODAwMDAwMDAwMDAwfX0=",
          "dependencies": [
            "module.rg.azurerm_resource_group.rg",
            "module.vm.azurerm_network_interface.nic",
            "module.vm.data.azurerm_resource_group.rg",
            "module.vm.data.azurerm_subnet.subnet"
          ]
        }
      ]
    },
    {
      "module": "module.vm[\"uksouth\"]",
      "mode": "managed",
      "type": "azurerm_network_interface",
      "name": "nic",
      "provider": "provider[\"registry.terraform.io/hashicorp/azurerm\"]",
      "instances": [
        {
          "index_key": "01-t-uks-nic01",
          "schema_version": 0,
          "attributes": {
            "applied_dns_servers": [],
            "dns_servers": [],
            "edge_zone": "",
            "enable_accelerated_networking": false,
            "enable_ip_forwarding": false,
            "id": "/subscriptions/6e54aa79-9b0b-40ed-ae27-91fdffa0a565/resourceGroups/computeint-01/providers/Microsoft.Network/networkInterfaces/01-t-uks-nic01",
            "internal_dns_name_label": "",
            "internal_domain_name_suffix": "fndhcuzc1znernlwadscp0pvre.zx.internal.cloudapp.net",
            "ip_configuration": [
              {
                "gateway_load_balancer_frontend_ip_configuration_id": "",
                "name": "internal",
                "primary": true,
                "private_ip_address": "10.0.0.5",
                "private_ip_address_allocation": "Static",
                "private_ip_address_version": "IPv4",
                "public_ip_address_id": "",
                "subnet_id": "/subscriptions/6e54aa79-9b0b-40ed-ae27-91fdffa0a565/resourceGroups/ibo-rg/providers/Microsoft.Network/virtualNetworks/ibo-01-vnet/subnets/ibo-01-subnet"
              }
            ],
            "location": "uksouth",
            "mac_address": "60-45-BD-C2-05-38",
            "name": "01-t-uks-nic01",
            "private_ip_address": "10.0.0.5",
            "private_ip_addresses": [
              "10.0.0.5"
            ],
            "resource_group_name": "computeint-01",
            "tags": {},
            "timeouts": null,
            "virtual_machine_id": "/subscriptions/6e54aa79-9b0b-40ed-ae27-91fdffa0a565/resourceGroups/computeint-01/providers/Microsoft.Compute/virtualMachines/01tuksv"
          },
          "sensitive_attributes": [],
          "private": "eyJlMmJmYjczMC1lY2FhLTExZTYtOGY4OC0zNDM2M2JjN2M0YzAiOnsiY3JlYXRlIjoxODAwMDAwMDAwMDAwLCJkZWxldGUiOjE4MDAwMDAwMDAwMDAsInJlYWQiOjMwMDAwMDAwMDAwMCwidXBkYXRlIjoxODAwMDAwMDAwMDAwfX0=",
          "dependencies": [
            "module.rg.azurerm_resource_group.rg",
            "module.vm.data.azurerm_resource_group.rg",
            "module.vm.data.azurerm_subnet.subnet"
          ],
          "create_before_destroy": true
        },
        {
          "index_key": "02-t-uks-nic01",
          "schema_version": 0,
          "attributes": {
            "applied_dns_servers": [],
            "dns_servers": [],
            "edge_zone": "",
            "enable_accelerated_networking": false,
            "enable_ip_forwarding": false,
            "id": "/subscriptions/6e54aa79-9b0b-40ed-ae27-91fdffa0a565/resourceGroups/computeinteger-01/providers/Microsoft.Network/networkInterfaces/02-t-uks-nic01",
            "internal_dns_name_label": "",
            "internal_domain_name_suffix": "fndhcuzc1znernlwadscp0pvre.zx.internal.cloudapp.net",
            "ip_configuration": [
              {
                "gateway_load_balancer_frontend_ip_configuration_id": "",
                "name": "internal",
                "primary": true,
                "private_ip_address": "10.0.0.4",
                "private_ip_address_allocation": "Static",
                "private_ip_address_version": "IPv4",
                "public_ip_address_id": "",
                "subnet_id": "/subscriptions/6e54aa79-9b0b-40ed-ae27-91fdffa0a565/resourceGroups/ibo-rg/providers/Microsoft.Network/virtualNetworks/ibo-01-vnet/subnets/ibo-01-subnet"
              }
            ],
            "location": "uksouth",
            "mac_address": "60-45-BD-13-8F-CA",
            "name": "02-t-uks-nic01",
            "private_ip_address": "10.0.0.4",
            "private_ip_addresses": [
              "10.0.0.4"
            ],
            "resource_group_name": "computeinteger-01",
            "tags": {},
            "timeouts": null,
            "virtual_machine_id": "/subscriptions/6e54aa79-9b0b-40ed-ae27-91fdffa0a565/resourceGroups/computeinteger-01/providers/Microsoft.Compute/virtualMachines/02tuksv"
          },
          "sensitive_attributes": [],
          "private": "eyJlMmJmYjczMC1lY2FhLTExZTYtOGY4OC0zNDM2M2JjN2M0YzAiOnsiY3JlYXRlIjoxODAwMDAwMDAwMDAwLCJkZWxldGUiOjE4MDAwMDAwMDAwMDAsInJlYWQiOjMwMDAwMDAwMDAwMCwidXBkYXRlIjoxODAwMDAwMDAwMDAwfX0=",
          "dependencies": [
            "module.rg.azurerm_resource_group.rg",
            "module.vm.data.azurerm_resource_group.rg",
            "module.vm.data.azurerm_subnet.subnet"
          ],
          "create_before_destroy": true
        },
        {
          "index_key": "03-t-uks-nic01",
          "schema_version": 0,
          "attributes": {
            "applied_dns_servers": [],
            "dns_servers": [],
            "edge_zone": "",
            "enable_accelerated_networking": false,
            "enable_ip_forwarding": false,
            "id": "/subscriptions/6e54aa79-9b0b-40ed-ae27-91fdffa0a565/resourceGroups/computeint-01/providers/Microsoft.Network/networkInterfaces/03-t-uks-nic01",
            "internal_dns_name_label": "",
            "internal_domain_name_suffix": "fndhcuzc1znernlwadscp0pvre.zx.internal.cloudapp.net",
            "ip_configuration": [
              {
                "gateway_load_balancer_frontend_ip_configuration_id": "",
                "name": "internal",
                "primary": true,
                "private_ip_address": "10.0.0.6",
                "private_ip_address_allocation": "Dynamic",
                "private_ip_address_version": "IPv4",
                "public_ip_address_id": "",
                "subnet_id": "/subscriptions/6e54aa79-9b0b-40ed-ae27-91fdffa0a565/resourceGroups/ibo-rg/providers/Microsoft.Network/virtualNetworks/ibo-01-vnet/subnets/ibo-01-subnet"
              }
            ],
            "location": "uksouth",
            "mac_address": "",
            "name": "03-t-uks-nic01",
            "private_ip_address": "10.0.0.6",
            "private_ip_addresses": [
              "10.0.0.6"
            ],
            "resource_group_name": "computeint-01",
            "tags": null,
            "timeouts": null,
            "virtual_machine_id": ""
          },
          "sensitive_attributes": [],
          "private": "eyJlMmJmYjczMC1lY2FhLTExZTYtOGY4OC0zNDM2M2JjN2M0YzAiOnsiY3JlYXRlIjoxODAwMDAwMDAwMDAwLCJkZWxldGUiOjE4MDAwMDAwMDAwMDAsInJlYWQiOjMwMDAwMDAwMDAwMCwidXBkYXRlIjoxODAwMDAwMDAwMDAwfX0=",
          "dependencies": [
            "module.rg.azurerm_resource_group.rg",
            "module.vm.data.azurerm_resource_group.rg",
            "module.vm.data.azurerm_subnet.subnet"
          ],
          "create_before_destroy": true
        }
      ]
    }
  ],
  "check_results": null
}
