{
  "version": 4,
  "terraform_version": "1.4.6",
  "serial": 405,
  "lineage": "d6b10ad8-7ef8-7ae5-14a6-d40f7769cae8",
  "outputs": {
    "existrg": {
      "value": {},
      "type": [
        "object",
        {}
      ]
    },
    "newrg": {
      "value": {
        "ad-01": {
          "id": "/subscriptions/6e54aa79-9b0b-40ed-ae27-91fdffa0a565/resourceGroups/abc-ad-01",
          "name": "abc-ad-01"
        },
        "computeint-01": {
          "id": "/subscriptions/6e54aa79-9b0b-40ed-ae27-91fdffa0a565/resourceGroups/abc-computeint-01",
          "name": "abc-computeint-01"
        }
      },
      "type": [
        "object",
        {
          "ad-01": [
            "object",
            {
              "id": "string",
              "name": "string"
            }
          ],
          "computeint-01": [
            "object",
            {
              "id": "string",
              "name": "string"
            }
          ]
        }
      ]
    },
    "vmdetails": {
      "value": {
        "uksouth": [
          {
            "name": "01tuksv",
            "resource_group": "abc-computeint-01"
          },
          {
            "name": "02tuksv",
            "resource_group": "abc-ad-01"
          }
        ]
      },
      "type": [
        "object",
        {
          "uksouth": [
            "tuple",
            [
              [
                "object",
                {
                  "name": "string",
                  "resource_group": "string"
                }
              ],
              [
                "object",
                {
                  "name": "string",
                  "resource_group": "string"
                }
              ]
            ]
          ]
        }
      ]
    }
  },
  "resources": [
    {
      "module": "module.rg[\"uksouth\"]",
      "mode": "managed",
      "type": "azurerm_resource_group",
      "name": "rg",
      "provider": "provider[\"registry.terraform.io/hashicorp/azurerm\"]",
      "instances": [
        {
          "index_key": "rg01",
          "schema_version": 0,
          "attributes": {
            "id": "/subscriptions/6e54aa79-9b0b-40ed-ae27-91fdffa0a565/resourceGroups/abc-computeint-01",
            "location": "uksouth",
            "name": "abc-computeint-01",
            "tags": {},
            "timeouts": null
          },
          "sensitive_attributes": [],
          "private": "eyJlMmJmYjczMC1lY2FhLTExZTYtOGY4OC0zNDM2M2JjN2M0YzAiOnsiY3JlYXRlIjo1NDAwMDAwMDAwMDAwLCJkZWxldGUiOjU0MDAwMDAwMDAwMDAsInJlYWQiOjMwMDAwMDAwMDAwMCwidXBkYXRlIjo1NDAwMDAwMDAwMDAwfX0=",
          "create_before_destroy": true
        },
        {
          "index_key": "rg02",
          "schema_version": 0,
          "attributes": {
            "id": "/subscriptions/6e54aa79-9b0b-40ed-ae27-91fdffa0a565/resourceGroups/abc-ad-01",
            "location": "uksouth",
            "name": "abc-ad-01",
            "tags": null,
            "timeouts": null
          },
          "sensitive_attributes": [],
          "private": "eyJlMmJmYjczMC1lY2FhLTExZTYtOGY4OC0zNDM2M2JjN2M0YzAiOnsiY3JlYXRlIjo1NDAwMDAwMDAwMDAwLCJkZWxldGUiOjU0MDAwMDAwMDAwMDAsInJlYWQiOjMwMDAwMDAwMDAwMCwidXBkYXRlIjo1NDAwMDAwMDAwMDAwfX0=",
          "create_before_destroy": true
        }
      ]
    },
    {
      "module": "module.vm[\"uksouth\"]",
      "mode": "data",
      "type": "azurerm_resource_group",
      "name": "rg1",
      "provider": "provider[\"registry.terraform.io/hashicorp/azurerm\"]",
      "instances": [
        {
          "index_key": "ad-01",
          "schema_version": 0,
          "attributes": {
            "id": "/subscriptions/6e54aa79-9b0b-40ed-ae27-91fdffa0a565/resourceGroups/abc-ad-01",
            "location": "uksouth",
            "name": "abc-ad-01",
            "tags": {},
            "timeouts": null
          },
          "sensitive_attributes": []
        },
        {
          "index_key": "computeint-01",
          "schema_version": 0,
          "attributes": {
            "id": "/subscriptions/6e54aa79-9b0b-40ed-ae27-91fdffa0a565/resourceGroups/abc-computeint-01",
            "location": "uksouth",
            "name": "abc-computeint-01",
            "tags": {},
            "timeouts": null
          },
          "sensitive_attributes": []
        }
      ]
    },
    {
      "module": "module.vm[\"uksouth\"]",
      "mode": "data",
      "type": "azurerm_subnet",
      "name": "subnet",
      "provider": "provider[\"registry.terraform.io/hashicorp/azurerm\"]",
      "instances": [
        {
          "index_key": "01-t-uks-nic01",
          "schema_version": 0,
          "attributes": {
            "address_prefix": "10.0.0.0/24",
            "address_prefixes": [
              "10.0.0.0/24"
            ],
            "enforce_private_link_endpoint_network_policies": true,
            "enforce_private_link_service_network_policies": false,
            "id": "/subscriptions/6e54aa79-9b0b-40ed-ae27-91fdffa0a565/resourceGroups/ibo-rg/providers/Microsoft.Network/virtualNetworks/ibo-01-vnet/subnets/ibo-01-subnet",
            "name": "ibo-01-subnet",
            "network_security_group_id": "",
            "private_endpoint_network_policies_enabled": false,
            "private_link_service_network_policies_enabled": true,
            "resource_group_name": "ibo-rg",
            "route_table_id": "",
            "service_endpoints": [],
            "timeouts": null,
            "virtual_network_name": "ibo-01-vnet"
          },
          "sensitive_attributes": []
        },
        {
          "index_key": "02-t-uks-nic01",
          "schema_version": 0,
          "attributes": {
            "address_prefix": "10.0.0.0/24",
            "address_prefixes": [
              "10.0.0.0/24"
            ],
            "enforce_private_link_endpoint_network_policies": true,
            "enforce_private_link_service_network_policies": false,
            "id": "/subscriptions/6e54aa79-9b0b-40ed-ae27-91fdffa0a565/resourceGroups/ibo-rg/providers/Microsoft.Network/virtualNetworks/ibo-01-vnet/subnets/ibo-01-subnet",
            "name": "ibo-01-subnet",
            "network_security_group_id": "",
            "private_endpoint_network_policies_enabled": false,
            "private_link_service_network_policies_enabled": true,
            "resource_group_name": "ibo-rg",
            "route_table_id": "",
            "service_endpoints": [],
            "timeouts": null,
            "virtual_network_name": "ibo-01-vnet"
          },
          "sensitive_attributes": []
        }
      ]
    },
    {
      "module": "module.vm[\"uksouth\"]",
      "mode": "managed",
      "type": "azapi_update_resource",
      "name": "nic_to_static",
      "provider": "provider[\"registry.terraform.io/azure/azapi\"]",
      "instances": [
        {
          "index_key": "01-t-uks-nic01",
          "schema_version": 0,
          "attributes": {
            "body": "{\"location\":\"uksouth\",\"properties\":{\"ipConfigurations\":[{\"name\":\"01-t-uks-nic01\",\"properties\":{\"privateIPAddress\":\"10.0.0.4\",\"privateIPAllocationMethod\":\"Static\",\"subnet\":{\"id\":\"/subscriptions/6e54aa79-9b0b-40ed-ae27-91fdffa0a565/resourceGroups/ibo-rg/providers/Microsoft.Network/virtualNetworks/ibo-01-vnet/subnets/ibo-01-subnet\"}}}]}}",
            "id": "/subscriptions/6e54aa79-9b0b-40ed-ae27-91fdffa0a565/resourceGroups/abc-computeint-01/providers/Microsoft.Network/networkInterfaces/01-t-uks-nic01",
            "ignore_casing": false,
            "ignore_missing_property": true,
            "locks": null,
            "name": "01-t-uks-nic01",
            "output": "{}",
            "parent_id": "/subscriptions/6e54aa79-9b0b-40ed-ae27-91fdffa0a565/resourceGroups/abc-computeint-01",
            "resource_id": "/subscriptions/6e54aa79-9b0b-40ed-ae27-91fdffa0a565/resourceGroups/abc-computeint-01/providers/Microsoft.Network/networkInterfaces/01-t-uks-nic01",
            "response_export_values": null,
            "timeouts": null,
            "type": "Microsoft.Network/networkInterfaces@2021-08-01"
          },
          "sensitive_attributes": [],
          "private": "eyJlMmJmYjczMC1lY2FhLTExZTYtOGY4OC0zNDM2M2JjN2M0YzAiOnsiY3JlYXRlIjoxODAwMDAwMDAwMDAwLCJkZWxldGUiOjE4MDAwMDAwMDAwMDAsInJlYWQiOjMwMDAwMDAwMDAwMCwidXBkYXRlIjoxODAwMDAwMDAwMDAwfX0=",
          "dependencies": [
            "module.rg.azurerm_resource_group.rg",
            "module.rg.data.azurerm_resource_group.rg",
            "module.vm.azurerm_network_interface.nic",
            "module.vm.data.azurerm_resource_group.rg1",
            "module.vm.data.azurerm_subnet.subnet"
          ]
        },
        {
          "index_key": "02-t-uks-nic01",
          "schema_version": 0,
          "attributes": {
            "body": "{\"location\":\"uksouth\",\"properties\":{\"ipConfigurations\":[{\"name\":\"02-t-uks-nic01\",\"properties\":{\"privateIPAddress\":\"10.0.0.5\",\"privateIPAllocationMethod\":\"Static\",\"subnet\":{\"id\":\"/subscriptions/6e54aa79-9b0b-40ed-ae27-91fdffa0a565/resourceGroups/ibo-rg/providers/Microsoft.Network/virtualNetworks/ibo-01-vnet/subnets/ibo-01-subnet\"}}}]}}",
            "id": "/subscriptions/6e54aa79-9b0b-40ed-ae27-91fdffa0a565/resourceGroups/abc-ad-01/providers/Microsoft.Network/networkInterfaces/02-t-uks-nic01",
            "ignore_casing": false,
            "ignore_missing_property": true,
            "locks": null,
            "name": "02-t-uks-nic01",
            "output": "{}",
            "parent_id": "/subscriptions/6e54aa79-9b0b-40ed-ae27-91fdffa0a565/resourceGroups/abc-ad-01",
            "resource_id": "/subscriptions/6e54aa79-9b0b-40ed-ae27-91fdffa0a565/resourceGroups/abc-ad-01/providers/Microsoft.Network/networkInterfaces/02-t-uks-nic01",
            "response_export_values": null,
            "timeouts": null,
            "type": "Microsoft.Network/networkInterfaces@2021-08-01"
          },
          "sensitive_attributes": [],
          "private": "eyJlMmJmYjczMC1lY2FhLTExZTYtOGY4OC0zNDM2M2JjN2M0YzAiOnsiY3JlYXRlIjoxODAwMDAwMDAwMDAwLCJkZWxldGUiOjE4MDAwMDAwMDAwMDAsInJlYWQiOjMwMDAwMDAwMDAwMCwidXBkYXRlIjoxODAwMDAwMDAwMDAwfX0=",
          "dependencies": [
            "module.rg.azurerm_resource_group.rg",
            "module.rg.data.azurerm_resource_group.rg",
            "module.vm.azurerm_network_interface.nic",
            "module.vm.data.azurerm_resource_group.rg1",
            "module.vm.data.azurerm_subnet.subnet"
          ]
        }
      ]
    },
    {
      "module": "module.vm[\"uksouth\"]",
      "mode": "managed",
      "type": "azurerm_network_interface",
      "name": "nic",
      "provider": "provider[\"registry.terraform.io/hashicorp/azurerm\"]",
      "instances": [
        {
          "index_key": "01-t-uks-nic01",
          "schema_version": 0,
          "attributes": {
            "applied_dns_servers": [],
            "dns_servers": [],
            "edge_zone": "",
            "enable_accelerated_networking": false,
            "enable_ip_forwarding": false,
            "id": "/subscriptions/6e54aa79-9b0b-40ed-ae27-91fdffa0a565/resourceGroups/abc-computeint-01/providers/Microsoft.Network/networkInterfaces/01-t-uks-nic01",
            "internal_dns_name_label": "",
            "internal_domain_name_suffix": "fndhcuzc1znernlwadscp0pvre.zx.internal.cloudapp.net",
            "ip_configuration": [
              {
                "gateway_load_balancer_frontend_ip_configuration_id": "",
                "name": "01-t-uks-nic01",
                "primary": true,
                "private_ip_address": "10.0.0.4",
                "private_ip_address_allocation": "Static",
                "private_ip_address_version": "IPv4",
                "public_ip_address_id": "",
                "subnet_id": "/subscriptions/6e54aa79-9b0b-40ed-ae27-91fdffa0a565/resourceGroups/ibo-rg/providers/Microsoft.Network/virtualNetworks/ibo-01-vnet/subnets/ibo-01-subnet"
              }
            ],
            "location": "uksouth",
            "mac_address": "00-22-48-43-9D-F7",
            "name": "01-t-uks-nic01",
            "private_ip_address": "10.0.0.4",
            "private_ip_addresses": [
              "10.0.0.4"
            ],
            "resource_group_name": "abc-computeint-01",
            "tags": {},
            "timeouts": null,
            "virtual_machine_id": "/subscriptions/6e54aa79-9b0b-40ed-ae27-91fdffa0a565/resourceGroups/abc-computeint-01/providers/Microsoft.Compute/virtualMachines/01tuksv"
          },
          "sensitive_attributes": [],
          "private": "eyJlMmJmYjczMC1lY2FhLTExZTYtOGY4OC0zNDM2M2JjN2M0YzAiOnsiY3JlYXRlIjoxODAwMDAwMDAwMDAwLCJkZWxldGUiOjE4MDAwMDAwMDAwMDAsInJlYWQiOjMwMDAwMDAwMDAwMCwidXBkYXRlIjoxODAwMDAwMDAwMDAwfX0=",
          "dependencies": [
            "module.rg.azurerm_resource_group.rg",
            "module.rg.data.azurerm_resource_group.rg",
            "module.vm.data.azurerm_resource_group.rg1",
            "module.vm.data.azurerm_subnet.subnet"
          ],
          "create_before_destroy": true
        },
        {
          "index_key": "02-t-uks-nic01",
          "schema_version": 0,
          "attributes": {
            "applied_dns_servers": [],
            "dns_servers": [],
            "edge_zone": "",
            "enable_accelerated_networking": false,
            "enable_ip_forwarding": false,
            "id": "/subscriptions/6e54aa79-9b0b-40ed-ae27-91fdffa0a565/resourceGroups/abc-ad-01/providers/Microsoft.Network/networkInterfaces/02-t-uks-nic01",
            "internal_dns_name_label": "",
            "internal_domain_name_suffix": "fndhcuzc1znernlwadscp0pvre.zx.internal.cloudapp.net",
            "ip_configuration": [
              {
                "gateway_load_balancer_frontend_ip_configuration_id": "",
                "name": "02-t-uks-nic01",
                "primary": true,
                "private_ip_address": "10.0.0.5",
                "private_ip_address_allocation": "Dynamic",
                "private_ip_address_version": "IPv4",
                "public_ip_address_id": "",
                "subnet_id": "/subscriptions/6e54aa79-9b0b-40ed-ae27-91fdffa0a565/resourceGroups/ibo-rg/providers/Microsoft.Network/virtualNetworks/ibo-01-vnet/subnets/ibo-01-subnet"
              }
            ],
            "location": "uksouth",
            "mac_address": "",
            "name": "02-t-uks-nic01",
            "private_ip_address": "10.0.0.5",
            "private_ip_addresses": [
              "10.0.0.5"
            ],
            "resource_group_name": "abc-ad-01",
            "tags": null,
            "timeouts": null,
            "virtual_machine_id": ""
          },
          "sensitive_attributes": [],
          "private": "eyJlMmJmYjczMC1lY2FhLTExZTYtOGY4OC0zNDM2M2JjN2M0YzAiOnsiY3JlYXRlIjoxODAwMDAwMDAwMDAwLCJkZWxldGUiOjE4MDAwMDAwMDAwMDAsInJlYWQiOjMwMDAwMDAwMDAwMCwidXBkYXRlIjoxODAwMDAwMDAwMDAwfX0=",
          "dependencies": [
            "module.rg.azurerm_resource_group.rg",
            "module.rg.data.azurerm_resource_group.rg",
            "module.vm.data.azurerm_resource_group.rg1",
            "module.vm.data.azurerm_subnet.subnet"
          ],
          "create_before_destroy": true
        }
      ]
    },
    {
      "module": "module.vm[\"uksouth\"]",
      "mode": "managed",
      "type": "azurerm_windows_virtual_machine",
      "name": "vm",
      "provider": "provider[\"registry.terraform.io/hashicorp/azurerm\"]",
      "instances": [
        {
          "index_key": "01tuksv",
          "schema_version": 0,
          "attributes": {
            "additional_capabilities": [],
            "additional_unattend_content": [],
            "admin_password": "Unilever@123",
            "admin_username": "vmadmin",
            "allow_extension_operations": true,
            "availability_set_id": "",
            "boot_diagnostics": [],
            "capacity_reservation_group_id": "",
            "computer_name": "01tuksv",
            "custom_data": null,
            "dedicated_host_group_id": "",
            "dedicated_host_id": "",
            "edge_zone": "",
            "enable_automatic_updates": true,
            "encryption_at_host_enabled": false,
            "eviction_policy": "",
            "extensions_time_budget": "PT1H30M",
            "gallery_application": [],
            "hotpatching_enabled": false,
            "id": "/subscriptions/6e54aa79-9b0b-40ed-ae27-91fdffa0a565/resourceGroups/abc-computeint-01/providers/Microsoft.Compute/virtualMachines/01tuksv",
            "identity": [],
            "license_type": "",
            "location": "uksouth",
            "max_bid_price": -1,
            "name": "01tuksv",
            "network_interface_ids": [
              "/subscriptions/6e54aa79-9b0b-40ed-ae27-91fdffa0a565/resourceGroups/abc-computeint-01/providers/Microsoft.Network/networkInterfaces/01-t-uks-nic01"
            ],
            "os_disk": [
              {
                "caching": "ReadWrite",
                "diff_disk_settings": [],
                "disk_encryption_set_id": "",
                "disk_size_gb": 127,
                "name": "01tuksv_OsDisk_1_7926c7f860614185b30377424dc6c1ab",
                "secure_vm_disk_encryption_set_id": "",
                "security_encryption_type": "",
                "storage_account_type": "Standard_LRS",
                "write_accelerator_enabled": false
              }
            ],
            "patch_assessment_mode": "ImageDefault",
            "patch_mode": "AutomaticByOS",
            "plan": [],
            "platform_fault_domain": -1,
            "priority": "Regular",
            "private_ip_address": "10.0.0.4",
            "private_ip_addresses": [
              "10.0.0.4"
            ],
            "provision_vm_agent": true,
            "proximity_placement_group_id": "",
            "public_ip_address": "",
            "public_ip_addresses": [],
            "resource_group_name": "abc-computeint-01",
            "secret": [],
            "secure_boot_enabled": false,
            "size": "Standard_B1s",
            "source_image_id": "",
            "source_image_reference": [
              {
                "offer": "windowsserver",
                "publisher": "MicrosoftWindowsServer",
                "sku": "2016-Datacenter-gensecond",
                "version": "14393.6085.230705"
              }
            ],
            "tags": {},
            "termination_notification": [],
            "timeouts": null,
            "timezone": "",
            "user_data": "",
            "virtual_machine_id": "bbaff3eb-78cd-40c7-9c3d-9530b264a8ce",
            "virtual_machine_scale_set_id": "",
            "vtpm_enabled": false,
            "winrm_listener": [],
            "zone": ""
          },
          "sensitive_attributes": [],
          "private": "eyJlMmJmYjczMC1lY2FhLTExZTYtOGY4OC0zNDM2M2JjN2M0YzAiOnsiY3JlYXRlIjoyNzAwMDAwMDAwMDAwLCJkZWxldGUiOjI3MDAwMDAwMDAwMDAsInJlYWQiOjMwMDAwMDAwMDAwMCwidXBkYXRlIjoyNzAwMDAwMDAwMDAwfX0=",
          "dependencies": [
            "module.rg.azurerm_resource_group.rg",
            "module.rg.data.azurerm_resource_group.rg",
            "module.vm.azurerm_network_interface.nic",
            "module.vm.data.azurerm_resource_group.rg1",
            "module.vm.data.azurerm_subnet.subnet"
          ]
        },
        {
          "index_key": "02tuksv",
          "schema_version": 0,
          "attributes": {
            "additional_capabilities": [],
            "additional_unattend_content": [],
            "admin_password": "Unilever@123",
            "admin_username": "vmadmin",
            "allow_extension_operations": true,
            "availability_set_id": "",
            "boot_diagnostics": [],
            "capacity_reservation_group_id": "",
            "computer_name": "02tuksv",
            "custom_data": null,
            "dedicated_host_group_id": "",
            "dedicated_host_id": "",
            "edge_zone": "",
            "enable_automatic_updates": true,
            "encryption_at_host_enabled": false,
            "eviction_policy": "",
            "extensions_time_budget": "PT1H30M",
            "gallery_application": [],
            "hotpatching_enabled": false,
            "id": "/subscriptions/6e54aa79-9b0b-40ed-ae27-91fdffa0a565/resourceGroups/abc-ad-01/providers/Microsoft.Compute/virtualMachines/02tuksv",
            "identity": [],
            "license_type": "",
            "location": "uksouth",
            "max_bid_price": -1,
            "name": "02tuksv",
            "network_interface_ids": [
              "/subscriptions/6e54aa79-9b0b-40ed-ae27-91fdffa0a565/resourceGroups/abc-ad-01/providers/Microsoft.Network/networkInterfaces/02-t-uks-nic01"
            ],
            "os_disk": [
              {
                "caching": "ReadWrite",
                "diff_disk_settings": [],
                "disk_encryption_set_id": "",
                "disk_size_gb": 127,
                "name": "02tuksv_OsDisk_1_d544f35710f04ae08550be8dfdec9643",
                "secure_vm_disk_encryption_set_id": "",
                "security_encryption_type": "",
                "storage_account_type": "Standard_LRS",
                "write_accelerator_enabled": false
              }
            ],
            "patch_assessment_mode": "ImageDefault",
            "patch_mode": "AutomaticByOS",
            "plan": [],
            "platform_fault_domain": -1,
            "priority": "Regular",
            "private_ip_address": "10.0.0.5",
            "private_ip_addresses": [
              "10.0.0.5"
            ],
            "provision_vm_agent": true,
            "proximity_placement_group_id": "",
            "public_ip_address": "",
            "public_ip_addresses": [],
            "resource_group_name": "abc-ad-01",
            "secret": [],
            "secure_boot_enabled": false,
            "size": "Standard_B1s",
            "source_image_id": "",
            "source_image_reference": [
              {
                "offer": "windowsserver",
                "publisher": "MicrosoftWindowsServer",
                "sku": "2016-Datacenter-gensecond",
                "version": "14393.6085.230705"
              }
            ],
            "tags": null,
            "termination_notification": null,
            "timeouts": null,
            "timezone": "",
            "user_data": "",
            "virtual_machine_id": "7010496a-53b6-4360-bf4e-2f3b7c642598",
            "virtual_machine_scale_set_id": "",
            "vtpm_enabled": false,
            "winrm_listener": [],
            "zone": ""
          },
          "sensitive_attributes": [],
          "private": "eyJlMmJmYjczMC1lY2FhLTExZTYtOGY4OC0zNDM2M2JjN2M0YzAiOnsiY3JlYXRlIjoyNzAwMDAwMDAwMDAwLCJkZWxldGUiOjI3MDAwMDAwMDAwMDAsInJlYWQiOjMwMDAwMDAwMDAwMCwidXBkYXRlIjoyNzAwMDAwMDAwMDAwfX0=",
          "dependencies": [
            "module.rg.azurerm_resource_group.rg",
            "module.rg.data.azurerm_resource_group.rg",
            "module.vm.azurerm_network_interface.nic",
            "module.vm.data.azurerm_resource_group.rg1",
            "module.vm.data.azurerm_subnet.subnet"
          ]
        }
      ]
    }
  ],
  "check_results": null
}
